
Microsoft Visual Studio Solution File, Format Version 12.00
Project("{FAE04EC0-301F-11D3-BF4B-00C04F79EFBC}") = "DialogHostDemo", "DialogHostDemo\DialogHostDemo\DialogHostDemo.csproj", "{F2F01B57-8497-4F6F-B6F6-35184EB73BA0}"
EndProject
Project("{FAE04EC0-301F-11D3-BF4B-00C04F79EFBC}") = "DialogHostDemo.Android", "DialogHostDemo\DialogHostDemo.Android\DialogHostDemo.Android.csproj", "{767B8287-147C-429D-9812-535A824BB74F}"
EndProject
Project("{FAE04EC0-301F-11D3-BF4B-00C04F79EFBC}") = "DialogHostDemo.Desktop", "DialogHostDemo\DialogHostDemo.Desktop\DialogHostDemo.Desktop.csproj", "{0B03AADC-92FC-44A9-9B78-F1612D8FA087}"
EndProject
Project("{FAE04EC0-301F-11D3-BF4B-00C04F79EFBC}") = "DialogHostDemo.iOS", "DialogHostDemo\DialogHostDemo.iOS\DialogHostDemo.iOS.csproj", "{E7D9EBE2-AF8C-4D2D-B3D3-2F6A7E94AB7C}"
EndProject
Project("{FAE04EC0-301F-11D3-BF4B-00C04F79EFBC}") = "DialogHostDemo.Browser", "DialogHostDemo\DialogHostDemo.Browser\DialogHostDemo.Browser.csproj", "{97F66B48-5632-42CA-AA58-E19C2C012704}"
EndProject
Global
	GlobalSection(SolutionConfigurationPlatforms) = preSolution
		Debug|Any CPU = Debug|Any CPU
		Release|Any CPU = Release|Any CPU
	EndGlobalSection
	GlobalSection(ProjectConfigurationPlatforms) = postSolution
		{F2F01B57-8497-4F6F-B6F6-35184EB73BA0}.Debug|Any CPU.ActiveCfg = Debug|Any CPU
		{F2F01B57-8497-4F6F-B6F6-35184EB73BA0}.Debug|Any CPU.Build.0 = Debug|Any CPU
		{F2F01B57-8497-4F6F-B6F6-35184EB73BA0}.Release|Any CPU.ActiveCfg = Release|Any CPU
		{F2F01B57-8497-4F6F-B6F6-35184EB73BA0}.Release|Any CPU.Build.0 = Release|Any CPU
		{767B8287-147C-429D-9812-535A824BB74F}.Debug|Any CPU.ActiveCfg = Debug|Any CPU
		{767B8287-147C-429D-9812-535A824BB74F}.Debug|Any CPU.Build.0 = Debug|Any CPU
		{767B8287-147C-429D-9812-535A824BB74F}.Debug|Any CPU.Deploy.0 = Debug|Any CPU
		{767B8287-147C-429D-9812-535A824BB74F}.Release|Any CPU.ActiveCfg = Release|Any CPU
		{767B8287-147C-429D-9812-535A824BB74F}.Release|Any CPU.Build.0 = Release|Any CPU
		{767B8287-147C-429D-9812-535A824BB74F}.Release|Any CPU.Deploy.0 = Release|Any CPU
		{0B03AADC-92FC-44A9-9B78-F1612D8FA087}.Debug|Any CPU.ActiveCfg = Debug|Any CPU
		{0B03AADC-92FC-44A9-9B78-F1612D8FA087}.Debug|Any CPU.Build.0 = Debug|Any CPU
		{0B03AADC-92FC-44A9-9B78-F1612D8FA087}.Release|Any CPU.ActiveCfg = Release|Any CPU
		{0B03AADC-92FC-44A9-9B78-F1612D8FA087}.Release|Any CPU.Build.0 = Release|Any CPU
		{E7D9EBE2-AF8C-4D2D-B3D3-2F6A7E94AB7C}.Debug|Any CPU.ActiveCfg = Debug|Any CPU
		{E7D9EBE2-AF8C-4D2D-B3D3-2F6A7E94AB7C}.Debug|Any CPU.Build.0 = Debug|Any CPU
		{E7D9EBE2-AF8C-4D2D-B3D3-2F6A7E94AB7C}.Debug|Any CPU.Deploy.0 = Debug|Any CPU
		{E7D9EBE2-AF8C-4D2D-B3D3-2F6A7E94AB7C}.Release|Any CPU.ActiveCfg = Release|Any CPU
		{E7D9EBE2-AF8C-4D2D-B3D3-2F6A7E94AB7C}.Release|Any CPU.Build.0 = Release|Any CPU
		{E7D9EBE2-AF8C-4D2D-B3D3-2F6A7E94AB7C}.Release|Any CPU.Deploy.0 = Release|Any CPU
		{97F66B48-5632-42CA-AA58-E19C2C012704}.Debug|Any CPU.ActiveCfg = Debug|Any CPU
		{97F66B48-5632-42CA-AA58-E19C2C012704}.Debug|Any CPU.Build.0 = Debug|Any CPU
		{97F66B48-5632-42CA-AA58-E19C2C012704}.Release|Any CPU.ActiveCfg = Release|Any CPU
		{97F66B48-5632-42CA-AA58-E19C2C012704}.Release|Any CPU.Build.0 = Release|Any CPU
	EndGlobalSection
EndGlobal
